Microsoft Visual Studio Solution File, Format Version 12.00
# Visual Studio 15
VisualStudioVersion = 15.0.26730.16
MinimumVisualStudioVersion = 10.0.40219.1
Project("{9A19103F-16F7-4668-BE54-9A1E7A4F7556}") = "Oragon.Spring.Core", "Oragon.Spring.Core\Oragon.Spring.Core.csproj", "{3E93A057-9E43-41A6-87CA-7B0FE54FF02B}"
EndProject
Project("{9A19103F-16F7-4668-BE54-9A1E7A4F7556}") = "Oragon.Spring.Aop", "Oragon.Spring.Aop\Oragon.Spring.Aop.csproj", "{29416E44-8B2C-4D86-8531-D89941EAB2C7}"
EndProject
Project("{9A19103F-16F7-4668-BE54-9A1E7A4F7556}") = "Oragon.Spring.Core.ConsoleTest", "Oragon.Spring.Core.ConsoleTest\Oragon.Spring.Core.ConsoleTest.csproj", "{89E6F554-2C52-4524-B919-3121CF3D20ED}"
EndProject
Project("{E53339B2-1760-4266-BCC7-CA923CBCF16C}") = "docker-compose", "docker-compose.dcproj", "{735CAAD5-08F7-4480-91A9-AF092EFB049F}"
	ProjectSection(ProjectDependencies) = postProject
		{29416E44-8B2C-4D86-8531-D89941EAB2C7} = {29416E44-8B2C-4D86-8531-D89941EAB2C7}
		{89E6F554-2C52-4524-B919-3121CF3D20ED} = {89E6F554-2C52-4524-B919-3121CF3D20ED}
		{3E93A057-9E43-41A6-87CA-7B0FE54FF02B} = {3E93A057-9E43-41A6-87CA-7B0FE54FF02B}
		{6D417358-A415-42CF-A9B5-9964B50D4589} = {6D417358-A415-42CF-A9B5-9964B50D4589}
		{4AEAC1D6-2249-4727-8C8E-17DF6424685A} = {4AEAC1D6-2249-4727-8C8E-17DF6424685A}
	EndProjectSection
EndProject
Project("{2150E333-8FDC-42A3-9474-1A3956D46DE8}") = "Test", "Test", "{95BD85CA-B3E5-4A72-B4AC-178BAC7B0FDE}"
EndProject
Project("{2150E333-8FDC-42A3-9474-1A3956D46DE8}") = "Examples", "Examples", "{0D9A7FCD-948C-4A90-9AB8-153092BB9114}"
EndProject
Project("{9A19103F-16F7-4668-BE54-9A1E7A4F7556}") = "Oragon.Spring.Core.Tests", "Oragon.Spring.Core.Tests\Oragon.Spring.Core.Tests.csproj", "{4AEAC1D6-2249-4727-8C8E-17DF6424685A}"
EndProject
Project("{2150E333-8FDC-42A3-9474-1A3956D46DE8}") = "Oragon.Spring", "Oragon.Spring", "{C441446A-A324-4C26-A350-21F3F1541F36}"
EndProject
Project("{9A19103F-16F7-4668-BE54-9A1E7A4F7556}") = "Oragon.Spring.Aop.Tests", "Oragon.Spring.Aop.Tests\Oragon.Spring.Aop.Tests.csproj", "{6D417358-A415-42CF-A9B5-9964B50D4589}"
EndProject
Project("{9A19103F-16F7-4668-BE54-9A1E7A4F7556}") = "Oragon.Spring.Core.AspNetCoreTest", "Oragon.Spring.Core.AspNetCoreTest\Oragon.Spring.Core.AspNetCoreTest.csproj", "{08085BAF-12BB-4ED0-98F4-B98AAD1482A1}"
EndProject
Project("{9A19103F-16F7-4668-BE54-9A1E7A4F7556}") = "Oragon.Spring.Extensions.DependencyInjection", "Oragon.Spring.Extensions.DependencyInjection\Oragon.Spring.Extensions.DependencyInjection.csproj", "{AC38D700-6EBF-4872-91A2-3D7A44CE45C0}"
EndProject
Global
	GlobalSection(SolutionConfigurationPlatforms) = preSolution
		Debug|Any CPU = Debug|Any CPU
		Release|Any CPU = Release|Any CPU
	EndGlobalSection
	GlobalSection(ProjectConfigurationPlatforms) = postSolution
		{3E93A057-9E43-41A6-87CA-7B0FE54FF02B}.Debug|Any CPU.ActiveCfg = Debug|Any CPU
		{3E93A057-9E43-41A6-87CA-7B0FE54FF02B}.Debug|Any CPU.Build.0 = Debug|Any CPU
		{3E93A057-9E43-41A6-87CA-7B0FE54FF02B}.Release|Any CPU.ActiveCfg = Release|Any CPU
		{3E93A057-9E43-41A6-87CA-7B0FE54FF02B}.Release|Any CPU.Build.0 = Release|Any CPU
		{29416E44-8B2C-4D86-8531-D89941EAB2C7}.Debug|Any CPU.ActiveCfg = Debug|Any CPU
		{29416E44-8B2C-4D86-8531-D89941EAB2C7}.Debug|Any CPU.Build.0 = Debug|Any CPU
		{29416E44-8B2C-4D86-8531-D89941EAB2C7}.Release|Any CPU.ActiveCfg = Release|Any CPU
		{29416E44-8B2C-4D86-8531-D89941EAB2C7}.Release|Any CPU.Build.0 = Release|Any CPU
		{89E6F554-2C52-4524-B919-3121CF3D20ED}.Debug|Any CPU.ActiveCfg = Debug|Any CPU
		{89E6F554-2C52-4524-B919-3121CF3D20ED}.Debug|Any CPU.Build.0 = Debug|Any CPU
		{89E6F554-2C52-4524-B919-3121CF3D20ED}.Release|Any CPU.ActiveCfg = Release|Any CPU
		{89E6F554-2C52-4524-B919-3121CF3D20ED}.Release|Any CPU.Build.0 = Release|Any CPU
		{735CAAD5-08F7-4480-91A9-AF092EFB049F}.Debug|Any CPU.ActiveCfg = Debug|Any CPU
		{735CAAD5-08F7-4480-91A9-AF092EFB049F}.Debug|Any CPU.Build.0 = Debug|Any CPU
		{735CAAD5-08F7-4480-91A9-AF092EFB049F}.Release|Any CPU.ActiveCfg = Release|Any CPU
		{735CAAD5-08F7-4480-91A9-AF092EFB049F}.Release|Any CPU.Build.0 = Release|Any CPU
		{4AEAC1D6-2249-4727-8C8E-17DF6424685A}.Debug|Any CPU.ActiveCfg = Debug|Any CPU
		{4AEAC1D6-2249-4727-8C8E-17DF6424685A}.Debug|Any CPU.Build.0 = Debug|Any CPU
		{4AEAC1D6-2249-4727-8C8E-17DF6424685A}.Release|Any CPU.ActiveCfg = Release|Any CPU
		{4AEAC1D6-2249-4727-8C8E-17DF6424685A}.Release|Any CPU.Build.0 = Release|Any CPU
		{6D417358-A415-42CF-A9B5-9964B50D4589}.Debug|Any CPU.ActiveCfg = Debug|Any CPU
		{6D417358-A415-42CF-A9B5-9964B50D4589}.Debug|Any CPU.Build.0 = Debug|Any CPU
		{6D417358-A415-42CF-A9B5-9964B50D4589}.Release|Any CPU.ActiveCfg = Release|Any CPU
		{6D417358-A415-42CF-A9B5-9964B50D4589}.Release|Any CPU.Build.0 = Release|Any CPU
		{08085BAF-12BB-4ED0-98F4-B98AAD1482A1}.Debug|Any CPU.ActiveCfg = Debug|Any CPU
		{08085BAF-12BB-4ED0-98F4-B98AAD1482A1}.Debug|Any CPU.Build.0 = Debug|Any CPU
		{08085BAF-12BB-4ED0-98F4-B98AAD1482A1}.Release|Any CPU.ActiveCfg = Release|Any CPU
		{08085BAF-12BB-4ED0-98F4-B98AAD1482A1}.Release|Any CPU.Build.0 = Release|Any CPU
		{AC38D700-6EBF-4872-91A2-3D7A44CE45C0}.Debug|Any CPU.ActiveCfg = Debug|Any CPU
		{AC38D700-6EBF-4872-91A2-3D7A44CE45C0}.Debug|Any CPU.Build.0 = Debug|Any CPU
		{AC38D700-6EBF-4872-91A2-3D7A44CE45C0}.Release|Any CPU.ActiveCfg = Release|Any CPU
		{AC38D700-6EBF-4872-91A2-3D7A44CE45C0}.Release|Any CPU.Build.0 = Release|Any CPU
	EndGlobalSection
	GlobalSection(SolutionProperties) = preSolution
		HideSolutionNode = FALSE
	EndGlobalSection
	GlobalSection(NestedProjects) = preSolution
		{3E93A057-9E43-41A6-87CA-7B0FE54FF02B} = {C441446A-A324-4C26-A350-21F3F1541F36}
		{29416E44-8B2C-4D86-8531-D89941EAB2C7} = {C441446A-A324-4C26-A350-21F3F1541F36}
		{89E6F554-2C52-4524-B919-3121CF3D20ED} = {0D9A7FCD-948C-4A90-9AB8-153092BB9114}
		{4AEAC1D6-2249-4727-8C8E-17DF6424685A} = {95BD85CA-B3E5-4A72-B4AC-178BAC7B0FDE}
		{6D417358-A415-42CF-A9B5-9964B50D4589} = {95BD85CA-B3E5-4A72-B4AC-178BAC7B0FDE}
		{08085BAF-12BB-4ED0-98F4-B98AAD1482A1} = {0D9A7FCD-948C-4A90-9AB8-153092BB9114}
		{AC38D700-6EBF-4872-91A2-3D7A44CE45C0} = {C441446A-A324-4C26-A350-21F3F1541F36}
	EndGlobalSection
	GlobalSection(ExtensibilityGlobals) = postSolution
		SolutionGuid = {DEF2D9F0-F6BC-4C5E-9EC7-01845D607FB7}
	EndGlobalSection
EndGlobal
